
Microsoft Visual Studio Solution File, Format Version 12.00
# Visual Studio Version 16
VisualStudioVersion = 16.0.31129.286
MinimumVisualStudioVersion = 10.0.40219.1
Project("{9A19103F-16F7-4668-BE54-9A1E7A4F7556}") = "IngestDB", "IngestDB\IngestDB.csproj", "{8D4E0550-C373-45E5-B582-F3A4786A8151}"
EndProject
Project("{9A19103F-16F7-4668-BE54-9A1E7A4F7556}") = "IngestDBCore", "IngestDBCore\IngestDBCore.csproj", "{CBF601DC-621A-40FB-87DD-221640425D32}"
EndProject
Project("{2150E333-8FDC-42A3-9474-1A3956D46DE8}") = "NotifyPlugins", "NotifyPlugins", "{DE951F8D-8B2D-435E-A6CD-13CD60AC5FA9}"
EndProject
Project("{9A19103F-16F7-4668-BE54-9A1E7A4F7556}") = "MSVNotifyPlugin", "MSVNotifyPlugin\MSVNotifyPlugin.csproj", "{86CCE252-1319-43DF-9B93-329F8AF5C520}"
EndProject
Project("{9A19103F-16F7-4668-BE54-9A1E7A4F7556}") = "OrleansNotifyPlugin", "OrleansNotifyPlugin\OrleansNotifyPlugin.csproj", "{FB02A288-49BE-4E57-A357-69131462F5A0}"
EndProject
Project("{2150E333-8FDC-42A3-9474-1A3956D46DE8}") = "ControllerPlugins", "ControllerPlugins", "{59AD4432-774F-470C-B163-FFDE4F9097EC}"
EndProject
Project("{9A19103F-16F7-4668-BE54-9A1E7A4F7556}") = "IngestCustomerPlugin", "IngestCustomerPlugin\IngestCustomerPlugin.csproj", "{652D5155-E130-4589-B948-2EE8A7866411}"
EndProject
Project("{9A19103F-16F7-4668-BE54-9A1E7A4F7556}") = "IngestTaskPlugin", "IngestTaskPlugin\IngestTaskPlugin.csproj", "{2DB8A4C4-E010-4A52-9115-849476726D6D}"
EndProject
Project("{9A19103F-16F7-4668-BE54-9A1E7A4F7556}") = "IngestTaskInterfacePlugin", "IngestTaskInterfacePlugin\IngestTaskInterfacePlugin.csproj", "{D4C6F2D3-498A-45D2-9A4C-ECD0A3D9E222}"
EndProject
Project("{9A19103F-16F7-4668-BE54-9A1E7A4F7556}") = "IngestDevicePlugin", "IngestDevicePlugin\IngestDevicePlugin.csproj", "{9BF6D24B-B641-45A1-AC86-9DED107E2F5B}"
EndProject
Project("{9A19103F-16F7-4668-BE54-9A1E7A4F7556}") = "IngestDeviceInterfacePlugin", "IngestDeviceInterfacePlugin\IngestDeviceInterfacePlugin.csproj", "{BC8C6FDB-8E0D-45E8-A2B2-6EA70A1819AB}"
EndProject
Project("{9A19103F-16F7-4668-BE54-9A1E7A4F7556}") = "IngestCustomerInterfacePlugin", "IngestCustomerInterfacePlugin\IngestCustomerInterfacePlugin.csproj", "{8090BCD1-DE10-4F8A-8125-36E47455E4BC}"
EndProject
Project("{9A19103F-16F7-4668-BE54-9A1E7A4F7556}") = "IngestGlobalPlugin", "IngestGlobalPlugin\IngestGlobalPlugin.csproj", "{42A262A9-63E6-467C-BDCB-BC54036DC1C1}"
EndProject
Project("{9A19103F-16F7-4668-BE54-9A1E7A4F7556}") = "IngestGlobalInterfacePlugin", "IngestGlobalInterfacePlugin\IngestGlobalInterfacePlugin.csproj", "{7E71E1D6-1C0C-4C0D-8145-96A0C329571A}"
EndProject
Project("{9A19103F-16F7-4668-BE54-9A1E7A4F7556}") = "IngestMatrixPlugin", "IngestMatrixPlugin\IngestMatrixPlugin.csproj", "{D437C821-59BF-475D-86AB-A0B869FFEEEB}"
EndProject
Project("{9A19103F-16F7-4668-BE54-9A1E7A4F7556}") = "KafKaNotifyPlugin", "KafKaNotifyPlugin\KafKaNotifyPlugin.csproj", "{6BF18E25-3398-49A6-9104-2CC8EE3AAA5B}"
EndProject
Project("{9A19103F-16F7-4668-BE54-9A1E7A4F7556}") = "UdpNotifyPlugin", "UdpNotifyPlugin\UdpNotifyPlugin.csproj", "{BAEE1E09-0B8B-4A3C-98BB-E91126C90545}"
EndProject
Project("{2150E333-8FDC-42A3-9474-1A3956D46DE8}") = "Sharding", "Sharding", "{CE3B1C9D-8A40-4AAD-B0E9-092985E1FB62}"
EndProject
Project("{9A19103F-16F7-4668-BE54-9A1E7A4F7556}") = "ShardingCore.3x", "ShardingCore.3x\ShardingCore.3x.csproj", "{64EBF054-09E9-4447-8C6D-FCF164BF8C41}"
EndProject
Project("{9A19103F-16F7-4668-BE54-9A1E7A4F7556}") = "ShardingCore.MySql.3x", "ShardingCore.MySql.3x\ShardingCore.MySql.3x.csproj", "{8E53AC3F-995B-4D0C-A58A-854D85FAB606}"
EndProject
Global
	GlobalSection(SolutionConfigurationPlatforms) = preSolution
		Debug|Any CPU = Debug|Any CPU
		Release|Any CPU = Release|Any CPU
	EndGlobalSection
	GlobalSection(ProjectConfigurationPlatforms) = postSolution
		{8D4E0550-C373-45E5-B582-F3A4786A8151}.Debug|Any CPU.ActiveCfg = Debug|Any CPU
		{8D4E0550-C373-45E5-B582-F3A4786A8151}.Debug|Any CPU.Build.0 = Debug|Any CPU
		{8D4E0550-C373-45E5-B582-F3A4786A8151}.Release|Any CPU.ActiveCfg = Release|Any CPU
		{8D4E0550-C373-45E5-B582-F3A4786A8151}.Release|Any CPU.Build.0 = Release|Any CPU
		{CBF601DC-621A-40FB-87DD-221640425D32}.Debug|Any CPU.ActiveCfg = Debug|Any CPU
		{CBF601DC-621A-40FB-87DD-221640425D32}.Debug|Any CPU.Build.0 = Debug|Any CPU
		{CBF601DC-621A-40FB-87DD-221640425D32}.Release|Any CPU.ActiveCfg = Release|Any CPU
		{CBF601DC-621A-40FB-87DD-221640425D32}.Release|Any CPU.Build.0 = Release|Any CPU
		{86CCE252-1319-43DF-9B93-329F8AF5C520}.Debug|Any CPU.ActiveCfg = Debug|Any CPU
		{86CCE252-1319-43DF-9B93-329F8AF5C520}.Debug|Any CPU.Build.0 = Debug|Any CPU
		{86CCE252-1319-43DF-9B93-329F8AF5C520}.Release|Any CPU.ActiveCfg = Release|Any CPU
		{86CCE252-1319-43DF-9B93-329F8AF5C520}.Release|Any CPU.Build.0 = Release|Any CPU
		{FB02A288-49BE-4E57-A357-69131462F5A0}.Debug|Any CPU.ActiveCfg = Debug|Any CPU
		{FB02A288-49BE-4E57-A357-69131462F5A0}.Debug|Any CPU.Build.0 = Debug|Any CPU
		{FB02A288-49BE-4E57-A357-69131462F5A0}.Release|Any CPU.ActiveCfg = Release|Any CPU
		{FB02A288-49BE-4E57-A357-69131462F5A0}.Release|Any CPU.Build.0 = Release|Any CPU
		{652D5155-E130-4589-B948-2EE8A7866411}.Debug|Any CPU.ActiveCfg = Debug|Any CPU
		{652D5155-E130-4589-B948-2EE8A7866411}.Debug|Any CPU.Build.0 = Debug|Any CPU
		{652D5155-E130-4589-B948-2EE8A7866411}.Release|Any CPU.ActiveCfg = Release|Any CPU
		{652D5155-E130-4589-B948-2EE8A7866411}.Release|Any CPU.Build.0 = Release|Any CPU
		{2DB8A4C4-E010-4A52-9115-849476726D6D}.Debug|Any CPU.ActiveCfg = Debug|Any CPU
		{2DB8A4C4-E010-4A52-9115-849476726D6D}.Debug|Any CPU.Build.0 = Debug|Any CPU
		{2DB8A4C4-E010-4A52-9115-849476726D6D}.Release|Any CPU.ActiveCfg = Release|Any CPU
		{2DB8A4C4-E010-4A52-9115-849476726D6D}.Release|Any CPU.Build.0 = Release|Any CPU
		{D4C6F2D3-498A-45D2-9A4C-ECD0A3D9E222}.Debug|Any CPU.ActiveCfg = Debug|Any CPU
		{D4C6F2D3-498A-45D2-9A4C-ECD0A3D9E222}.Debug|Any CPU.Build.0 = Debug|Any CPU
		{D4C6F2D3-498A-45D2-9A4C-ECD0A3D9E222}.Release|Any CPU.ActiveCfg = Release|Any CPU
		{D4C6F2D3-498A-45D2-9A4C-ECD0A3D9E222}.Release|Any CPU.Build.0 = Release|Any CPU
		{9BF6D24B-B641-45A1-AC86-9DED107E2F5B}.Debug|Any CPU.ActiveCfg = Debug|Any CPU
		{9BF6D24B-B641-45A1-AC86-9DED107E2F5B}.Debug|Any CPU.Build.0 = Debug|Any CPU
		{9BF6D24B-B641-45A1-AC86-9DED107E2F5B}.Release|Any CPU.ActiveCfg = Release|Any CPU
		{9BF6D24B-B641-45A1-AC86-9DED107E2F5B}.Release|Any CPU.Build.0 = Release|Any CPU
		{BC8C6FDB-8E0D-45E8-A2B2-6EA70A1819AB}.Debug|Any CPU.ActiveCfg = Debug|Any CPU
		{BC8C6FDB-8E0D-45E8-A2B2-6EA70A1819AB}.Debug|Any CPU.Build.0 = Debug|Any CPU
		{BC8C6FDB-8E0D-45E8-A2B2-6EA70A1819AB}.Release|Any CPU.ActiveCfg = Release|Any CPU
		{BC8C6FDB-8E0D-45E8-A2B2-6EA70A1819AB}.Release|Any CPU.Build.0 = Release|Any CPU
		{8090BCD1-DE10-4F8A-8125-36E47455E4BC}.Debug|Any CPU.ActiveCfg = Debug|Any CPU
		{8090BCD1-DE10-4F8A-8125-36E47455E4BC}.Debug|Any CPU.Build.0 = Debug|Any CPU
		{8090BCD1-DE10-4F8A-8125-36E47455E4BC}.Release|Any CPU.ActiveCfg = Release|Any CPU
		{8090BCD1-DE10-4F8A-8125-36E47455E4BC}.Release|Any CPU.Build.0 = Release|Any CPU
		{42A262A9-63E6-467C-BDCB-BC54036DC1C1}.Debug|Any CPU.ActiveCfg = Debug|Any CPU
		{42A262A9-63E6-467C-BDCB-BC54036DC1C1}.Debug|Any CPU.Build.0 = Debug|Any CPU
		{42A262A9-63E6-467C-BDCB-BC54036DC1C1}.Release|Any CPU.ActiveCfg = Release|Any CPU
		{42A262A9-63E6-467C-BDCB-BC54036DC1C1}.Release|Any CPU.Build.0 = Release|Any CPU
		{7E71E1D6-1C0C-4C0D-8145-96A0C329571A}.Debug|Any CPU.ActiveCfg = Debug|Any CPU
		{7E71E1D6-1C0C-4C0D-8145-96A0C329571A}.Debug|Any CPU.Build.0 = Debug|Any CPU
		{7E71E1D6-1C0C-4C0D-8145-96A0C329571A}.Release|Any CPU.ActiveCfg = Release|Any CPU
		{7E71E1D6-1C0C-4C0D-8145-96A0C329571A}.Release|Any CPU.Build.0 = Release|Any CPU
		{D437C821-59BF-475D-86AB-A0B869FFEEEB}.Debug|Any CPU.ActiveCfg = Debug|Any CPU
		{D437C821-59BF-475D-86AB-A0B869FFEEEB}.Debug|Any CPU.Build.0 = Debug|Any CPU
		{D437C821-59BF-475D-86AB-A0B869FFEEEB}.Release|Any CPU.ActiveCfg = Release|Any CPU
		{D437C821-59BF-475D-86AB-A0B869FFEEEB}.Release|Any CPU.Build.0 = Release|Any CPU
		{6BF18E25-3398-49A6-9104-2CC8EE3AAA5B}.Debug|Any CPU.ActiveCfg = Debug|Any CPU
		{6BF18E25-3398-49A6-9104-2CC8EE3AAA5B}.Debug|Any CPU.Build.0 = Debug|Any CPU
		{6BF18E25-3398-49A6-9104-2CC8EE3AAA5B}.Release|Any CPU.ActiveCfg = Release|Any CPU
		{6BF18E25-3398-49A6-9104-2CC8EE3AAA5B}.Release|Any CPU.Build.0 = Release|Any CPU
		{BAEE1E09-0B8B-4A3C-98BB-E91126C90545}.Debug|Any CPU.ActiveCfg = Debug|Any CPU
		{BAEE1E09-0B8B-4A3C-98BB-E91126C90545}.Debug|Any CPU.Build.0 = Debug|Any CPU
		{BAEE1E09-0B8B-4A3C-98BB-E91126C90545}.Release|Any CPU.ActiveCfg = Release|Any CPU
		{BAEE1E09-0B8B-4A3C-98BB-E91126C90545}.Release|Any CPU.Build.0 = Release|Any CPU
		{64EBF054-09E9-4447-8C6D-FCF164BF8C41}.Debug|Any CPU.ActiveCfg = Debug|Any CPU
		{64EBF054-09E9-4447-8C6D-FCF164BF8C41}.Debug|Any CPU.Build.0 = Debug|Any CPU
		{64EBF054-09E9-4447-8C6D-FCF164BF8C41}.Release|Any CPU.ActiveCfg = Release|Any CPU
		{64EBF054-09E9-4447-8C6D-FCF164BF8C41}.Release|Any CPU.Build.0 = Release|Any CPU
		{8E53AC3F-995B-4D0C-A58A-854D85FAB606}.Debug|Any CPU.ActiveCfg = Debug|Any CPU
		{8E53AC3F-995B-4D0C-A58A-854D85FAB606}.Debug|Any CPU.Build.0 = Debug|Any CPU
		{8E53AC3F-995B-4D0C-A58A-854D85FAB606}.Release|Any CPU.ActiveCfg = Release|Any CPU
		{8E53AC3F-995B-4D0C-A58A-854D85FAB606}.Release|Any CPU.Build.0 = Release|Any CPU
	EndGlobalSection
	GlobalSection(SolutionProperties) = preSolution
		HideSolutionNode = FALSE
	EndGlobalSection
	GlobalSection(NestedProjects) = preSolution
		{86CCE252-1319-43DF-9B93-329F8AF5C520} = {DE951F8D-8B2D-435E-A6CD-13CD60AC5FA9}
		{FB02A288-49BE-4E57-A357-69131462F5A0} = {DE951F8D-8B2D-435E-A6CD-13CD60AC5FA9}
		{652D5155-E130-4589-B948-2EE8A7866411} = {59AD4432-774F-470C-B163-FFDE4F9097EC}
		{2DB8A4C4-E010-4A52-9115-849476726D6D} = {59AD4432-774F-470C-B163-FFDE4F9097EC}
		{D4C6F2D3-498A-45D2-9A4C-ECD0A3D9E222} = {59AD4432-774F-470C-B163-FFDE4F9097EC}
		{9BF6D24B-B641-45A1-AC86-9DED107E2F5B} = {59AD4432-774F-470C-B163-FFDE4F9097EC}
		{BC8C6FDB-8E0D-45E8-A2B2-6EA70A1819AB} = {59AD4432-774F-470C-B163-FFDE4F9097EC}
		{8090BCD1-DE10-4F8A-8125-36E47455E4BC} = {59AD4432-774F-470C-B163-FFDE4F9097EC}
		{42A262A9-63E6-467C-BDCB-BC54036DC1C1} = {59AD4432-774F-470C-B163-FFDE4F9097EC}
		{7E71E1D6-1C0C-4C0D-8145-96A0C329571A} = {59AD4432-774F-470C-B163-FFDE4F9097EC}
		{D437C821-59BF-475D-86AB-A0B869FFEEEB} = {59AD4432-774F-470C-B163-FFDE4F9097EC}
		{6BF18E25-3398-49A6-9104-2CC8EE3AAA5B} = {DE951F8D-8B2D-435E-A6CD-13CD60AC5FA9}
		{BAEE1E09-0B8B-4A3C-98BB-E91126C90545} = {DE951F8D-8B2D-435E-A6CD-13CD60AC5FA9}
		{64EBF054-09E9-4447-8C6D-FCF164BF8C41} = {CE3B1C9D-8A40-4AAD-B0E9-092985E1FB62}
		{8E53AC3F-995B-4D0C-A58A-854D85FAB606} = {CE3B1C9D-8A40-4AAD-B0E9-092985E1FB62}
	EndGlobalSection
	GlobalSection(ExtensibilityGlobals) = postSolution
		SolutionGuid = {98696BFC-44A3-4355-B438-A3953923FF58}
	EndGlobalSection
EndGlobal
